
Microsoft Visual Studio Solution File, Format Version 12.00
# Visual Studio Version 16
VisualStudioVersion = 16.0.28729.10
MinimumVisualStudioVersion = 10.0.40219.1
Project("{FAE04EC0-301F-11D3-BF4B-00C04F79EFBC}") = "Project.AuthSite.Platform", "src\Project\AuthSite\platform\Project.AuthSite.Platform.csproj", "{816F099C-E14B-4468-9E34-87F993C6484D}"
EndProject
Project("{9A19103F-16F7-4668-BE54-9A1E7A4F7556}") = "Project.AuthSite.Rendering", "src\Project\AuthSite\rendering\Project.AuthSite.Rendering.csproj", "{6F4279AB-4049-42F0-AFD0-06062586BCF6}"
EndProject
Project("{2150E333-8FDC-42A3-9474-1A3956D46DE8}") = ".Solution Files", ".Solution Files", "{196B5D43-B228-4632-9BC3-EAAF79B4EDA5}"
	ProjectSection(SolutionItems) = preProject
		nuget.config = nuget.config
		README.md = README.md
		sitecore.json = sitecore.json
	EndProjectSection
EndProject
Project("{2150E333-8FDC-42A3-9474-1A3956D46DE8}") = "Project", "Project", "{6EEA6A0E-7F9D-4834-8466-9458CF02B4B0}"
EndProject
Project("{2150E333-8FDC-42A3-9474-1A3956D46DE8}") = "Foundation", "Foundation", "{2B17781D-B5B5-4AED-904C-1D6E4CADE392}"
EndProject
Project("{2150E333-8FDC-42A3-9474-1A3956D46DE8}") = "Feature", "Feature", "{943BCE33-8482-4E0F-876A-16CB49CB1172}"
EndProject
Project("{2150E333-8FDC-42A3-9474-1A3956D46DE8}") = "AuthSite", "AuthSite", "{C4A9446A-6A85-4E21-902B-4E6F68349386}"
	ProjectSection(SolutionItems) = preProject
		src\Project\AuthSite\Project.AuthSite.module.json = src\Project\AuthSite\Project.AuthSite.module.json
	EndProjectSection
EndProject
Project("{FAE04EC0-301F-11D3-BF4B-00C04F79EFBC}") = "Project.AuthSite.Identity", "src\Project\AuthSite\identity\Project.AuthSite.Identity.csproj", "{F8DD20AE-80CA-4958-9467-E24AA81AB2BA}"
EndProject
Project("{2150E333-8FDC-42A3-9474-1A3956D46DE8}") = "Docker", "Docker", "{E74F3AE6-DBF7-41BF-8D25-85F845A4A92F}"
	ProjectSection(SolutionItems) = preProject
		.env = .env
		docker-compose.override.yml = docker-compose.override.yml
		docker-compose.yml = docker-compose.yml
		Dockerfile = Dockerfile
	EndProjectSection
EndProject
Project("{2150E333-8FDC-42A3-9474-1A3956D46DE8}") = "Auth", "Auth", "{C09D4AC5-10BA-4093-939D-471D05BB366E}"
EndProject
Project("{9A19103F-16F7-4668-BE54-9A1E7A4F7556}") = "Feature.Auth.Rendering", "src\Feature\Auth\rendering\Feature.Auth.Rendering.csproj", "{B048DD81-7440-4963-9993-A40771FF8443}"
EndProject
Global
	GlobalSection(SolutionConfigurationPlatforms) = preSolution
		Debug|Any CPU = Debug|Any CPU
		Release|Any CPU = Release|Any CPU
	EndGlobalSection
	GlobalSection(ProjectConfigurationPlatforms) = postSolution
		{816F099C-E14B-4468-9E34-87F993C6484D}.Debug|Any CPU.ActiveCfg = Debug|Any CPU
		{816F099C-E14B-4468-9E34-87F993C6484D}.Debug|Any CPU.Build.0 = Debug|Any CPU
		{816F099C-E14B-4468-9E34-87F993C6484D}.Release|Any CPU.ActiveCfg = Release|Any CPU
		{816F099C-E14B-4468-9E34-87F993C6484D}.Release|Any CPU.Build.0 = Release|Any CPU
		{6F4279AB-4049-42F0-AFD0-06062586BCF6}.Debug|Any CPU.ActiveCfg = Debug|Any CPU
		{6F4279AB-4049-42F0-AFD0-06062586BCF6}.Debug|Any CPU.Build.0 = Debug|Any CPU
		{6F4279AB-4049-42F0-AFD0-06062586BCF6}.Release|Any CPU.ActiveCfg = Release|Any CPU
		{6F4279AB-4049-42F0-AFD0-06062586BCF6}.Release|Any CPU.Build.0 = Release|Any CPU
		{F8DD20AE-80CA-4958-9467-E24AA81AB2BA}.Debug|Any CPU.ActiveCfg = Debug|Any CPU
		{F8DD20AE-80CA-4958-9467-E24AA81AB2BA}.Debug|Any CPU.Build.0 = Debug|Any CPU
		{F8DD20AE-80CA-4958-9467-E24AA81AB2BA}.Release|Any CPU.ActiveCfg = Release|Any CPU
		{F8DD20AE-80CA-4958-9467-E24AA81AB2BA}.Release|Any CPU.Build.0 = Release|Any CPU
		{B048DD81-7440-4963-9993-A40771FF8443}.Debug|Any CPU.ActiveCfg = Debug|Any CPU
		{B048DD81-7440-4963-9993-A40771FF8443}.Debug|Any CPU.Build.0 = Debug|Any CPU
		{B048DD81-7440-4963-9993-A40771FF8443}.Release|Any CPU.ActiveCfg = Release|Any CPU
		{B048DD81-7440-4963-9993-A40771FF8443}.Release|Any CPU.Build.0 = Release|Any CPU
	EndGlobalSection
	GlobalSection(SolutionProperties) = preSolution
		HideSolutionNode = FALSE
	EndGlobalSection
	GlobalSection(NestedProjects) = preSolution
		{816F099C-E14B-4468-9E34-87F993C6484D} = {C4A9446A-6A85-4E21-902B-4E6F68349386}
		{6F4279AB-4049-42F0-AFD0-06062586BCF6} = {C4A9446A-6A85-4E21-902B-4E6F68349386}
		{C4A9446A-6A85-4E21-902B-4E6F68349386} = {6EEA6A0E-7F9D-4834-8466-9458CF02B4B0}
		{F8DD20AE-80CA-4958-9467-E24AA81AB2BA} = {C4A9446A-6A85-4E21-902B-4E6F68349386}
		{E74F3AE6-DBF7-41BF-8D25-85F845A4A92F} = {196B5D43-B228-4632-9BC3-EAAF79B4EDA5}
		{C09D4AC5-10BA-4093-939D-471D05BB366E} = {943BCE33-8482-4E0F-876A-16CB49CB1172}
		{B048DD81-7440-4963-9993-A40771FF8443} = {C09D4AC5-10BA-4093-939D-471D05BB366E}
	EndGlobalSection
	GlobalSection(ExtensibilityGlobals) = postSolution
		SolutionGuid = {7A7C4987-3A11-41A9-8915-5457EF7B5A6F}
	EndGlobalSection
EndGlobal
